
Microsoft Visual Studio Solution File, Format Version 12.00
# Visual Studio 15
VisualStudioVersion = 15.0.26124.0
MinimumVisualStudioVersion = 15.0.26124.0
Project("{FAE04EC0-301F-11D3-BF4B-00C04F79EFBC}") = "Adv.Web", "Adv.Web\Adv.Web.csproj", "{046E59E1-9C80-4ABA-83F0-A80ECE1728AF}"
EndProject
Project("{FAE04EC0-301F-11D3-BF4B-00C04F79EFBC}") = "Adv.Data", "Adv.Data\Adv.Data.csproj", "{D4177FFF-20F1-435D-9E65-DD26855DDE5C}"
EndProject
Project("{FAE04EC0-301F-11D3-BF4B-00C04F79EFBC}") = "Adv.BusinessLogic", "Adv.BusinessLogic\Adv.BusinessLogic.csproj", "{734B4F24-3684-47B9-8F84-891EDB158FD0}"
EndProject
Project("{FAE04EC0-301F-11D3-BF4B-00C04F79EFBC}") = "Adv.Utilities", "Adv.Utilities\Adv.Utilities.csproj", "{393F694B-5AC8-4D8B-8B63-3F987837DE8B}"
EndProject
Global
	GlobalSection(SolutionConfigurationPlatforms) = preSolution
		Debug|Any CPU = Debug|Any CPU
		Debug|x64 = Debug|x64
		Debug|x86 = Debug|x86
		Release|Any CPU = Release|Any CPU
		Release|x64 = Release|x64
		Release|x86 = Release|x86
	EndGlobalSection
	GlobalSection(SolutionProperties) = preSolution
		HideSolutionNode = FALSE
	EndGlobalSection
	GlobalSection(ProjectConfigurationPlatforms) = postSolution
		{046E59E1-9C80-4ABA-83F0-A80ECE1728AF}.Debug|Any CPU.ActiveCfg = Debug|Any CPU
		{046E59E1-9C80-4ABA-83F0-A80ECE1728AF}.Debug|Any CPU.Build.0 = Debug|Any CPU
		{046E59E1-9C80-4ABA-83F0-A80ECE1728AF}.Debug|x64.ActiveCfg = Debug|Any CPU
		{046E59E1-9C80-4ABA-83F0-A80ECE1728AF}.Debug|x64.Build.0 = Debug|Any CPU
		{046E59E1-9C80-4ABA-83F0-A80ECE1728AF}.Debug|x86.ActiveCfg = Debug|Any CPU
		{046E59E1-9C80-4ABA-83F0-A80ECE1728AF}.Debug|x86.Build.0 = Debug|Any CPU
		{046E59E1-9C80-4ABA-83F0-A80ECE1728AF}.Release|Any CPU.ActiveCfg = Release|Any CPU
		{046E59E1-9C80-4ABA-83F0-A80ECE1728AF}.Release|Any CPU.Build.0 = Release|Any CPU
		{046E59E1-9C80-4ABA-83F0-A80ECE1728AF}.Release|x64.ActiveCfg = Release|Any CPU
		{046E59E1-9C80-4ABA-83F0-A80ECE1728AF}.Release|x64.Build.0 = Release|Any CPU
		{046E59E1-9C80-4ABA-83F0-A80ECE1728AF}.Release|x86.ActiveCfg = Release|Any CPU
		{046E59E1-9C80-4ABA-83F0-A80ECE1728AF}.Release|x86.Build.0 = Release|Any CPU
		{D4177FFF-20F1-435D-9E65-DD26855DDE5C}.Debug|Any CPU.ActiveCfg = Debug|Any CPU
		{D4177FFF-20F1-435D-9E65-DD26855DDE5C}.Debug|Any CPU.Build.0 = Debug|Any CPU
		{D4177FFF-20F1-435D-9E65-DD26855DDE5C}.Debug|x64.ActiveCfg = Debug|Any CPU
		{D4177FFF-20F1-435D-9E65-DD26855DDE5C}.Debug|x64.Build.0 = Debug|Any CPU
		{D4177FFF-20F1-435D-9E65-DD26855DDE5C}.Debug|x86.ActiveCfg = Debug|Any CPU
		{D4177FFF-20F1-435D-9E65-DD26855DDE5C}.Debug|x86.Build.0 = Debug|Any CPU
		{D4177FFF-20F1-435D-9E65-DD26855DDE5C}.Release|Any CPU.ActiveCfg = Release|Any CPU
		{D4177FFF-20F1-435D-9E65-DD26855DDE5C}.Release|Any CPU.Build.0 = Release|Any CPU
		{D4177FFF-20F1-435D-9E65-DD26855DDE5C}.Release|x64.ActiveCfg = Release|Any CPU
		{D4177FFF-20F1-435D-9E65-DD26855DDE5C}.Release|x64.Build.0 = Release|Any CPU
		{D4177FFF-20F1-435D-9E65-DD26855DDE5C}.Release|x86.ActiveCfg = Release|Any CPU
		{D4177FFF-20F1-435D-9E65-DD26855DDE5C}.Release|x86.Build.0 = Release|Any CPU
		{734B4F24-3684-47B9-8F84-891EDB158FD0}.Debug|Any CPU.ActiveCfg = Debug|Any CPU
		{734B4F24-3684-47B9-8F84-891EDB158FD0}.Debug|Any CPU.Build.0 = Debug|Any CPU
		{734B4F24-3684-47B9-8F84-891EDB158FD0}.Debug|x64.ActiveCfg = Debug|Any CPU
		{734B4F24-3684-47B9-8F84-891EDB158FD0}.Debug|x64.Build.0 = Debug|Any CPU
		{734B4F24-3684-47B9-8F84-891EDB158FD0}.Debug|x86.ActiveCfg = Debug|Any CPU
		{734B4F24-3684-47B9-8F84-891EDB158FD0}.Debug|x86.Build.0 = Debug|Any CPU
		{734B4F24-3684-47B9-8F84-891EDB158FD0}.Release|Any CPU.ActiveCfg = Release|Any CPU
		{734B4F24-3684-47B9-8F84-891EDB158FD0}.Release|Any CPU.Build.0 = Release|Any CPU
		{734B4F24-3684-47B9-8F84-891EDB158FD0}.Release|x64.ActiveCfg = Release|Any CPU
		{734B4F24-3684-47B9-8F84-891EDB158FD0}.Release|x64.Build.0 = Release|Any CPU
		{734B4F24-3684-47B9-8F84-891EDB158FD0}.Release|x86.ActiveCfg = Release|Any CPU
		{734B4F24-3684-47B9-8F84-891EDB158FD0}.Release|x86.Build.0 = Release|Any CPU
		{393F694B-5AC8-4D8B-8B63-3F987837DE8B}.Debug|Any CPU.ActiveCfg = Debug|Any CPU
		{393F694B-5AC8-4D8B-8B63-3F987837DE8B}.Debug|Any CPU.Build.0 = Debug|Any CPU
		{393F694B-5AC8-4D8B-8B63-3F987837DE8B}.Debug|x64.ActiveCfg = Debug|Any CPU
		{393F694B-5AC8-4D8B-8B63-3F987837DE8B}.Debug|x64.Build.0 = Debug|Any CPU
		{393F694B-5AC8-4D8B-8B63-3F987837DE8B}.Debug|x86.ActiveCfg = Debug|Any CPU
		{393F694B-5AC8-4D8B-8B63-3F987837DE8B}.Debug|x86.Build.0 = Debug|Any CPU
		{393F694B-5AC8-4D8B-8B63-3F987837DE8B}.Release|Any CPU.ActiveCfg = Release|Any CPU
		{393F694B-5AC8-4D8B-8B63-3F987837DE8B}.Release|Any CPU.Build.0 = Release|Any CPU
		{393F694B-5AC8-4D8B-8B63-3F987837DE8B}.Release|x64.ActiveCfg = Release|Any CPU
		{393F694B-5AC8-4D8B-8B63-3F987837DE8B}.Release|x64.Build.0 = Release|Any CPU
		{393F694B-5AC8-4D8B-8B63-3F987837DE8B}.Release|x86.ActiveCfg = Release|Any CPU
		{393F694B-5AC8-4D8B-8B63-3F987837DE8B}.Release|x86.Build.0 = Release|Any CPU
	EndGlobalSection
EndGlobal
